
Microsoft Visual Studio Solution File, Format Version 12.00
# Visual Studio 2015
Project("{FAE04EC0-301F-11D3-BF4B-00C04F79EFBC}") = "B477043.CSharp", "B477043.CSharp.csproj", "{4FE06DD9-EAC3-8E9D-067E-5CB04E5F23EE}"
EndProject
Global
	GlobalSection(SolutionConfigurationPlatforms) = preSolution
		Debug|Any CPU = Debug|Any CPU
		Release|Any CPU = Release|Any CPU
	EndGlobalSection
	GlobalSection(ProjectConfigurationPlatforms) = postSolution
		{4FE06DD9-EAC3-8E9D-067E-5CB04E5F23EE}.Debug|Any CPU.ActiveCfg = Debug|Any CPU
		{4FE06DD9-EAC3-8E9D-067E-5CB04E5F23EE}.Debug|Any CPU.Build.0 = Debug|Any CPU
		{4FE06DD9-EAC3-8E9D-067E-5CB04E5F23EE}.Release|Any CPU.ActiveCfg = Release|Any CPU
		{4FE06DD9-EAC3-8E9D-067E-5CB04E5F23EE}.Release|Any CPU.Build.0 = Release|Any CPU
	EndGlobalSection
	GlobalSection(SolutionProperties) = preSolution
		HideSolutionNode = FALSE
	EndGlobalSection
EndGlobal
